// !$*UTF8*$!
{
	archiveVersion = 1;
	classes = {
	};
	objectVersion = 52;
	objects = {

/* Begin PBXBuildFile section */
		437E0D4B2952B2690005BFCC /* ChampionRow.swift in Sources */ = {isa = PBXBuildFile; fileRef = 437E0D4A2952B2690005BFCC /* ChampionRow.swift */; };
		437E0D4F2952B33B0005BFCC /* Champion.swift in Sources */ = {isa = PBXBuildFile; fileRef = 437E0D4E2952B33B0005BFCC /* Champion.swift */; };
		437E0D552952B9E00005BFCC /* Kingfisher in Frameworks */ = {isa = PBXBuildFile; productRef = 437E0D542952B9E00005BFCC /* Kingfisher */; };
		55576B7B2956720F00265221 /* ChampionView.swift in Sources */ = {isa = PBXBuildFile; fileRef = 55576B7A2956720F00265221 /* ChampionView.swift */; };
		55576B9D295690AD00265221 /* Avigea.otf in Resources */ = {isa = PBXBuildFile; fileRef = 55576B9C295690AD00265221 /* Avigea.otf */; };
		55576BAB2956933C00265221 /* Legendaire FREE.ttf in Resources */ = {isa = PBXBuildFile; fileRef = 55576BAA2956933C00265221 /* Legendaire FREE.ttf */; };
		55576BB02956943E00265221 /* Friz Quadrata Italic.ttf in Resources */ = {isa = PBXBuildFile; fileRef = 55576BAD2956943E00265221 /* Friz Quadrata Italic.ttf */; };
		55576BB12956943E00265221 /* Friz Quadrata Regular.ttf in Resources */ = {isa = PBXBuildFile; fileRef = 55576BAE2956943E00265221 /* Friz Quadrata Regular.ttf */; };
		55576BB22956943E00265221 /* Friz Quadrata Bold.otf in Resources */ = {isa = PBXBuildFile; fileRef = 55576BAF2956943E00265221 /* Friz Quadrata Bold.otf */; };
		55576BC2295BA68A00265221 /* Summoner.swift in Sources */ = {isa = PBXBuildFile; fileRef = 55576BC1295BA68A00265221 /* Summoner.swift */; };
		55576BC6295BA6B500265221 /* SummonerFetcher.swift in Sources */ = {isa = PBXBuildFile; fileRef = 55576BC5295BA6B500265221 /* SummonerFetcher.swift */; };
		55576BCF295BABDE00265221 /* SummonerTab.swift in Sources */ = {isa = PBXBuildFile; fileRef = 55576BCE295BABDE00265221 /* SummonerTab.swift */; };
		55576BD4295BB11600265221 /* SummonerView.swift in Sources */ = {isa = PBXBuildFile; fileRef = 55576BD3295BB11600265221 /* SummonerView.swift */; };
		557F8874295219DF00F96307 /* final_00857051App.swift in Sources */ = {isa = PBXBuildFile; fileRef = 557F8873295219DF00F96307 /* final_00857051App.swift */; };
		557F8876295219DF00F96307 /* ContentView.swift in Sources */ = {isa = PBXBuildFile; fileRef = 557F8875295219DF00F96307 /* ContentView.swift */; };
		557F8878295219E800F96307 /* Assets.xcassets in Resources */ = {isa = PBXBuildFile; fileRef = 557F8877295219E800F96307 /* Assets.xcassets */; };
		557F887B295219E800F96307 /* Preview Assets.xcassets in Resources */ = {isa = PBXBuildFile; fileRef = 557F887A295219E800F96307 /* Preview Assets.xcassets */; };
		559EE94A29646E60006591D6 /* SummonerDetail.swift in Sources */ = {isa = PBXBuildFile; fileRef = 559EE94929646E60006591D6 /* SummonerDetail.swift */; };
		559EE97B2965058F006591D6 /* VTabView in Frameworks */ = {isa = PBXBuildFile; productRef = 559EE97A2965058F006591D6 /* VTabView */; };
		559EE983296516FE006591D6 /* ShareSheet.swift in Sources */ = {isa = PBXBuildFile; fileRef = 559EE982296516FE006591D6 /* ShareSheet.swift */; };
		55A9BCDB2953923F0063241B /* FavoritesTab.swift in Sources */ = {isa = PBXBuildFile; fileRef = 55A9BCDA2953923F0063241B /* FavoritesTab.swift */; };
		55A9BCDE295393C00063241B /* ChampionSaver.swift in Sources */ = {isa = PBXBuildFile; fileRef = 55A9BCDD295393C00063241B /* ChampionSaver.swift */; };
		55A9BCE2295394280063241B /* ChampionFetcher.swift in Sources */ = {isa = PBXBuildFile; fileRef = 55A9BCE1295394280063241B /* ChampionFetcher.swift */; };
		55A9BCE6295395DD0063241B /* ChampionsTab.swift in Sources */ = {isa = PBXBuildFile; fileRef = 55A9BCE5295395DD0063241B /* ChampionsTab.swift */; };
/* End PBXBuildFile section */

/* Begin PBXFileReference section */
		437E0D4A2952B2690005BFCC /* ChampionRow.swift */ = {isa = PBXFileReference; lastKnownFileType = sourcecode.swift; path = ChampionRow.swift; sourceTree = "<group>"; };
		437E0D4E2952B33B0005BFCC /* Champion.swift */ = {isa = PBXFileReference; lastKnownFileType = sourcecode.swift; path = Champion.swift; sourceTree = "<group>"; };
		55576B7A2956720F00265221 /* ChampionView.swift */ = {isa = PBXFileReference; lastKnownFileType = sourcecode.swift; path = ChampionView.swift; sourceTree = "<group>"; };
		55576B9C295690AD00265221 /* Avigea.otf */ = {isa = PBXFileReference; lastKnownFileType = file; path = Avigea.otf; sourceTree = "<group>"; };
		55576BAA2956933C00265221 /* Legendaire FREE.ttf */ = {isa = PBXFileReference; lastKnownFileType = file; path = "Legendaire FREE.ttf"; sourceTree = "<group>"; };
		55576BAD2956943E00265221 /* Friz Quadrata Italic.ttf */ = {isa = PBXFileReference; lastKnownFileType = file; path = "Friz Quadrata Italic.ttf"; sourceTree = "<group>"; };
		55576BAE2956943E00265221 /* Friz Quadrata Regular.ttf */ = {isa = PBXFileReference; lastKnownFileType = file; path = "Friz Quadrata Regular.ttf"; sourceTree = "<group>"; };
		55576BAF2956943E00265221 /* Friz Quadrata Bold.otf */ = {isa = PBXFileReference; lastKnownFileType = file; path = "Friz Quadrata Bold.otf"; sourceTree = "<group>"; };
		55576BC1295BA68A00265221 /* Summoner.swift */ = {isa = PBXFileReference; lastKnownFileType = sourcecode.swift; path = Summoner.swift; sourceTree = "<group>"; };
		55576BC5295BA6B500265221 /* SummonerFetcher.swift */ = {isa = PBXFileReference; lastKnownFileType = sourcecode.swift; path = SummonerFetcher.swift; sourceTree = "<group>"; };
		55576BCE295BABDE00265221 /* SummonerTab.swift */ = {isa = PBXFileReference; lastKnownFileType = sourcecode.swift; path = SummonerTab.swift; sourceTree = "<group>"; };
		55576BD3295BB11600265221 /* SummonerView.swift */ = {isa = PBXFileReference; lastKnownFileType = sourcecode.swift; path = SummonerView.swift; sourceTree = "<group>"; };
		557F8870295219DF00F96307 /* final_00857051.app */ = {isa = PBXFileReference; explicitFileType = wrapper.application; includeInIndex = 0; path = final_00857051.app; sourceTree = BUILT_PRODUCTS_DIR; };
		557F8873295219DF00F96307 /* final_00857051App.swift */ = {isa = PBXFileReference; lastKnownFileType = sourcecode.swift; path = final_00857051App.swift; sourceTree = "<group>"; };
		557F8875295219DF00F96307 /* ContentView.swift */ = {isa = PBXFileReference; lastKnownFileType = sourcecode.swift; path = ContentView.swift; sourceTree = "<group>"; };
		557F8877295219E800F96307 /* Assets.xcassets */ = {isa = PBXFileReference; lastKnownFileType = folder.assetcatalog; path = Assets.xcassets; sourceTree = "<group>"; };
		557F887A295219E800F96307 /* Preview Assets.xcassets */ = {isa = PBXFileReference; lastKnownFileType = folder.assetcatalog; path = "Preview Assets.xcassets"; sourceTree = "<group>"; };
		557F887C295219E800F96307 /* Info.plist */ = {isa = PBXFileReference; lastKnownFileType = text.plist.xml; path = Info.plist; sourceTree = "<group>"; };
		559EE94929646E60006591D6 /* SummonerDetail.swift */ = {isa = PBXFileReference; lastKnownFileType = sourcecode.swift; path = SummonerDetail.swift; sourceTree = "<group>"; };
		559EE982296516FE006591D6 /* ShareSheet.swift */ = {isa = PBXFileReference; lastKnownFileType = sourcecode.swift; path = ShareSheet.swift; sourceTree = "<group>"; };
		55A9BCDA2953923F0063241B /* FavoritesTab.swift */ = {isa = PBXFileReference; lastKnownFileType = sourcecode.swift; path = FavoritesTab.swift; sourceTree = "<group>"; };
		55A9BCDD295393C00063241B /* ChampionSaver.swift */ = {isa = PBXFileReference; lastKnownFileType = sourcecode.swift; path = ChampionSaver.swift; sourceTree = "<group>"; };
		55A9BCE1295394280063241B /* ChampionFetcher.swift */ = {isa = PBXFileReference; lastKnownFileType = sourcecode.swift; path = ChampionFetcher.swift; sourceTree = "<group>"; };
		55A9BCE5295395DD0063241B /* ChampionsTab.swift */ = {isa = PBXFileReference; lastKnownFileType = sourcecode.swift; path = ChampionsTab.swift; sourceTree = "<group>"; };
/* End PBXFileReference section */

/* Begin PBXFrameworksBuildPhase section */
		557F886D295219DF00F96307 /* Frameworks */ = {
			isa = PBXFrameworksBuildPhase;
			buildActionMask = 2147483647;
			files = (
				559EE97B2965058F006591D6 /* VTabView in Frameworks */,
				437E0D552952B9E00005BFCC /* Kingfisher in Frameworks */,
			);
			runOnlyForDeploymentPostprocessing = 0;
		};
/* End PBXFrameworksBuildPhase section */

/* Begin PBXGroup section */
		55576B8B29568E9700265221 /* Fonts */ = {
			isa = PBXGroup;
			children = (
				55576BAF2956943E00265221 /* Friz Quadrata Bold.otf */,
				55576BAD2956943E00265221 /* Friz Quadrata Italic.ttf */,
				55576BAE2956943E00265221 /* Friz Quadrata Regular.ttf */,
				55576BAA2956933C00265221 /* Legendaire FREE.ttf */,
				55576B9C295690AD00265221 /* Avigea.otf */,
			);
			path = Fonts;
			sourceTree = "<group>";
		};
		557F8867295219DF00F96307 = {
			isa = PBXGroup;
			children = (
				557F8872295219DF00F96307 /* final_00857051 */,
				557F8871295219DF00F96307 /* Products */,
			);
			sourceTree = "<group>";
		};
		557F8871295219DF00F96307 /* Products */ = {
			isa = PBXGroup;
			children = (
				557F8870295219DF00F96307 /* final_00857051.app */,
			);
			name = Products;
			sourceTree = "<group>";
		};
		557F8872295219DF00F96307 /* final_00857051 */ = {
			isa = PBXGroup;
			children = (
				55576B8B29568E9700265221 /* Fonts */,
				557F8873295219DF00F96307 /* final_00857051App.swift */,
				437E0D4E2952B33B0005BFCC /* Champion.swift */,
				55A9BCE1295394280063241B /* ChampionFetcher.swift */,
				55576BC1295BA68A00265221 /* Summoner.swift */,
				55576BC5295BA6B500265221 /* SummonerFetcher.swift */,
				55A9BCDD295393C00063241B /* ChampionSaver.swift */,
				557F8875295219DF00F96307 /* ContentView.swift */,
				55A9BCE5295395DD0063241B /* ChampionsTab.swift */,
				437E0D4A2952B2690005BFCC /* ChampionRow.swift */,
				55576B7A2956720F00265221 /* ChampionView.swift */,
				55A9BCDA2953923F0063241B /* FavoritesTab.swift */,
				55576BCE295BABDE00265221 /* SummonerTab.swift */,
				55576BD3295BB11600265221 /* SummonerView.swift */,
				559EE94929646E60006591D6 /* SummonerDetail.swift */,
				559EE982296516FE006591D6 /* ShareSheet.swift */,
				557F8877295219E800F96307 /* Assets.xcassets */,
				557F887C295219E800F96307 /* Info.plist */,
				557F8879295219E800F96307 /* Preview Content */,
			);
			path = final_00857051;
			sourceTree = "<group>";
		};
		557F8879295219E800F96307 /* Preview Content */ = {
			isa = PBXGroup;
			children = (
				557F887A295219E800F96307 /* Preview Assets.xcassets */,
			);
			path = "Preview Content";
			sourceTree = "<group>";
		};
/* End PBXGroup section */

/* Begin PBXNativeTarget section */
		557F886F295219DF00F96307 /* final_00857051 */ = {
			isa = PBXNativeTarget;
			buildConfigurationList = 557F887F295219E800F96307 /* Build configuration list for PBXNativeTarget "final_00857051" */;
			buildPhases = (
				557F886C295219DF00F96307 /* Sources */,
				557F886D295219DF00F96307 /* Frameworks */,
				557F886E295219DF00F96307 /* Resources */,
			);
			buildRules = (
			);
			dependencies = (
			);
			name = final_00857051;
			packageProductDependencies = (
				437E0D542952B9E00005BFCC /* Kingfisher */,
				559EE97A2965058F006591D6 /* VTabView */,
			);
			productName = final_00857051;
			productReference = 557F8870295219DF00F96307 /* final_00857051.app */;
			productType = "com.apple.product-type.application";
		};
/* End PBXNativeTarget section */

/* Begin PBXProject section */
		557F8868295219DF00F96307 /* Project object */ = {
			isa = PBXProject;
			attributes = {
				LastSwiftUpdateCheck = 1240;
				LastUpgradeCheck = 1240;
				TargetAttributes = {
					557F886F295219DF00F96307 = {
						CreatedOnToolsVersion = 12.4;
					};
				};
			};
			buildConfigurationList = 557F886B295219DF00F96307 /* Build configuration list for PBXProject "final_00857051" */;
			compatibilityVersion = "Xcode 9.3";
			developmentRegion = en;
			hasScannedForEncodings = 0;
			knownRegions = (
				en,
				Base,
			);
			mainGroup = 557F8867295219DF00F96307;
			packageReferences = (
				437E0D532952B9E00005BFCC /* XCRemoteSwiftPackageReference "Kingfisher" */,
				559EE9792965058F006591D6 /* XCRemoteSwiftPackageReference "swiftui-vertical-tab-view" */,
			);
			productRefGroup = 557F8871295219DF00F96307 /* Products */;
			projectDirPath = "";
			projectRoot = "";
			targets = (
				557F886F295219DF00F96307 /* final_00857051 */,
			);
		};
/* End PBXProject section */

/* Begin PBXResourcesBuildPhase section */
		557F886E295219DF00F96307 /* Resources */ = {
			isa = PBXResourcesBuildPhase;
			buildActionMask = 2147483647;
			files = (
				557F887B295219E800F96307 /* Preview Assets.xcassets in Resources */,
				55576BB12956943E00265221 /* Friz Quadrata Regular.ttf in Resources */,
				55576BB02956943E00265221 /* Friz Quadrata Italic.ttf in Resources */,
				55576BB22956943E00265221 /* Friz Quadrata Bold.otf in Resources */,
				557F8878295219E800F96307 /* Assets.xcassets in Resources */,
				55576B9D295690AD00265221 /* Avigea.otf in Resources */,
				55576BAB2956933C00265221 /* Legendaire FREE.ttf in Resources */,
			);
			runOnlyForDeploymentPostprocessing = 0;
		};
/* End PBXResourcesBuildPhase section */

/* Begin PBXSourcesBuildPhase section */
		557F886C295219DF00F96307 /* Sources */ = {
			isa = PBXSourcesBuildPhase;
			buildActionMask = 2147483647;
			files = (
				55A9BCE2295394280063241B /* ChampionFetcher.swift in Sources */,
				559EE983296516FE006591D6 /* ShareSheet.swift in Sources */,
				55576BD4295BB11600265221 /* SummonerView.swift in Sources */,
				437E0D4F2952B33B0005BFCC /* Champion.swift in Sources */,
				557F8876295219DF00F96307 /* ContentView.swift in Sources */,
				55576BC6295BA6B500265221 /* SummonerFetcher.swift in Sources */,
				55576B7B2956720F00265221 /* ChampionView.swift in Sources */,
				559EE94A29646E60006591D6 /* SummonerDetail.swift in Sources */,
				557F8874295219DF00F96307 /* final_00857051App.swift in Sources */,
				55576BC2295BA68A00265221 /* Summoner.swift in Sources */,
				55A9BCDB2953923F0063241B /* FavoritesTab.swift in Sources */,
				55A9BCDE295393C00063241B /* ChampionSaver.swift in Sources */,
				55576BCF295BABDE00265221 /* SummonerTab.swift in Sources */,
				55A9BCE6295395DD0063241B /* ChampionsTab.swift in Sources */,
				437E0D4B2952B2690005BFCC /* ChampionRow.swift in Sources */,
			);
			runOnlyForDeploymentPostprocessing = 0;
		};
/* End PBXSourcesBuildPhase section */

/* Begin XCBuildConfiguration section */
		557F887D295219E800F96307 /* Debug */ = {
			isa = XCBuildConfiguration;
			buildSettings = {
				ALWAYS_SEARCH_USER_PATHS = NO;
				CLANG_ANALYZER_NONNULL = YES;
				CLANG_ANALYZER_NUMBER_OBJECT_CONVERSION = YES_AGGRESSIVE;
				CLANG_CXX_LANGUAGE_STANDARD = "gnu++14";
				CLANG_CXX_LIBRARY = "libc++";
				CLANG_ENABLE_MODULES = YES;
				CLANG_ENABLE_OBJC_ARC = YES;
				CLANG_ENABLE_OBJC_WEAK = YES;
				CLANG_WARN_BLOCK_CAPTURE_AUTORELEASING = YES;
				CLANG_WARN_BOOL_CONVERSION = YES;
				CLANG_WARN_COMMA = YES;
				CLANG_WARN_CONSTANT_CONVERSION = YES;
				CLANG_WARN_DEPRECATED_OBJC_IMPLEMENTATIONS = YES;
				CLANG_WARN_DIRECT_OBJC_ISA_USAGE = YES_ERROR;
				CLANG_WARN_DOCUMENTATION_COMMENTS = YES;
				CLANG_WARN_EMPTY_BODY = YES;
				CLANG_WARN_ENUM_CONVERSION = YES;
				CLANG_WARN_INFINITE_RECURSION = YES;
				CLANG_WARN_INT_CONVERSION = YES;
				CLANG_WARN_NON_LITERAL_NULL_CONVERSION = YES;
				CLANG_WARN_OBJC_IMPLICIT_RETAIN_SELF = YES;
				CLANG_WARN_OBJC_LITERAL_CONVERSION = YES;
				CLANG_WARN_OBJC_ROOT_CLASS = YES_ERROR;
				CLANG_WARN_QUOTED_INCLUDE_IN_FRAMEWORK_HEADER = YES;
				CLANG_WARN_RANGE_LOOP_ANALYSIS = YES;
				CLANG_WARN_STRICT_PROTOTYPES = YES;
				CLANG_WARN_SUSPICIOUS_MOVE = YES;
				CLANG_WARN_UNGUARDED_AVAILABILITY = YES_AGGRESSIVE;
				CLANG_WARN_UNREACHABLE_CODE = YES;
				CLANG_WARN__DUPLICATE_METHOD_MATCH = YES;
				COPY_PHASE_STRIP = NO;
				DEBUG_INFORMATION_FORMAT = dwarf;
				ENABLE_STRICT_OBJC_MSGSEND = YES;
				ENABLE_TESTABILITY = YES;
				GCC_C_LANGUAGE_STANDARD = gnu11;
				GCC_DYNAMIC_NO_PIC = NO;
				GCC_NO_COMMON_BLOCKS = YES;
				GCC_OPTIMIZATION_LEVEL = 0;
				GCC_PREPROCESSOR_DEFINITIONS = (
					"DEBUG=1",
					"$(inherited)",
				);
				GCC_WARN_64_TO_32_BIT_CONVERSION = YES;
				GCC_WARN_ABOUT_RETURN_TYPE = YES_ERROR;
				GCC_WARN_UNDECLARED_SELECTOR = YES;
				GCC_WARN_UNINITIALIZED_AUTOS = YES_AGGRESSIVE;
				GCC_WARN_UNUSED_FUNCTION = YES;
				GCC_WARN_UNUSED_VARIABLE = YES;
				IPHONEOS_DEPLOYMENT_TARGET = 14.4;
				MTL_ENABLE_DEBUG_INFO = INCLUDE_SOURCE;
				MTL_FAST_MATH = YES;
				ONLY_ACTIVE_ARCH = YES;
				SDKROOT = iphoneos;
				SWIFT_ACTIVE_COMPILATION_CONDITIONS = DEBUG;
				SWIFT_OPTIMIZATION_LEVEL = "-Onone";
			};
			name = Debug;
		};
		557F887E295219E800F96307 /* Release */ = {
			isa = XCBuildConfiguration;
			buildSettings = {
				ALWAYS_SEARCH_USER_PATHS = NO;
				CLANG_ANALYZER_NONNULL = YES;
				CLANG_ANALYZER_NUMBER_OBJECT_CONVERSION = YES_AGGRESSIVE;
				CLANG_CXX_LANGUAGE_STANDARD = "gnu++14";
				CLANG_CXX_LIBRARY = "libc++";
				CLANG_ENABLE_MODULES = YES;
				CLANG_ENABLE_OBJC_ARC = YES;
				CLANG_ENABLE_OBJC_WEAK = YES;
				CLANG_WARN_BLOCK_CAPTURE_AUTORELEASING = YES;
				CLANG_WARN_BOOL_CONVERSION = YES;
				CLANG_WARN_COMMA = YES;
				CLANG_WARN_CONSTANT_CONVERSION = YES;
				CLANG_WARN_DEPRECATED_OBJC_IMPLEMENTATIONS = YES;
				CLANG_WARN_DIRECT_OBJC_ISA_USAGE = YES_ERROR;
				CLANG_WARN_DOCUMENTATION_COMMENTS = YES;
				CLANG_WARN_EMPTY_BODY = YES;
				CLANG_WARN_ENUM_CONVERSION = YES;
				CLANG_WARN_INFINITE_RECURSION = YES;
				CLANG_WARN_INT_CONVERSION = YES;
				CLANG_WARN_NON_LITERAL_NULL_CONVERSION = YES;
				CLANG_WARN_OBJC_IMPLICIT_RETAIN_SELF = YES;
				CLANG_WARN_OBJC_LITERAL_CONVERSION = YES;
				CLANG_WARN_OBJC_ROOT_CLASS = YES_ERROR;
				CLANG_WARN_QUOTED_INCLUDE_IN_FRAMEWORK_HEADER = YES;
				CLANG_WARN_RANGE_LOOP_ANALYSIS = YES;
				CLANG_WARN_STRICT_PROTOTYPES = YES;
				CLANG_WARN_SUSPICIOUS_MOVE = YES;
				CLANG_WARN_UNGUARDED_AVAILABILITY = YES_AGGRESSIVE;
				CLANG_WARN_UNREACHABLE_CODE = YES;
				CLANG_WARN__DUPLICATE_METHOD_MATCH = YES;
				COPY_PHASE_STRIP = NO;
				DEBUG_INFORMATION_FORMAT = "dwarf-with-dsym";
				ENABLE_NS_ASSERTIONS = NO;
				ENABLE_STRICT_OBJC_MSGSEND = YES;
				GCC_C_LANGUAGE_STANDARD = gnu11;
				GCC_NO_COMMON_BLOCKS = YES;
				GCC_WARN_64_TO_32_BIT_CONVERSION = YES;
				GCC_WARN_ABOUT_RETURN_TYPE = YES_ERROR;
				GCC_WARN_UNDECLARED_SELECTOR = YES;
				GCC_WARN_UNINITIALIZED_AUTOS = YES_AGGRESSIVE;
				GCC_WARN_UNUSED_FUNCTION = YES;
				GCC_WARN_UNUSED_VARIABLE = YES;
				IPHONEOS_DEPLOYMENT_TARGET = 14.4;
				MTL_ENABLE_DEBUG_INFO = NO;
				MTL_FAST_MATH = YES;
				SDKROOT = iphoneos;
				SWIFT_COMPILATION_MODE = wholemodule;
				SWIFT_OPTIMIZATION_LEVEL = "-O";
				VALIDATE_PRODUCT = YES;
			};
			name = Release;
		};
		557F8880295219E800F96307 /* Debug */ = {
			isa = XCBuildConfiguration;
			buildSettings = {
				ASSETCATALOG_COMPILER_APPICON_NAME = AppIcon;
				ASSETCATALOG_COMPILER_GLOBAL_ACCENT_COLOR_NAME = AccentColor;
				CODE_SIGN_STYLE = Automatic;
				DEVELOPMENT_ASSET_PATHS = "\"final_00857051/Preview Content\"";
				ENABLE_PREVIEWS = YES;
				INFOPLIST_FILE = final_00857051/Info.plist;
				IPHONEOS_DEPLOYMENT_TARGET = 14.0;
				LD_RUNPATH_SEARCH_PATHS = (
					"$(inherited)",
					"@executable_path/Frameworks",
				);
				PRODUCT_BUNDLE_IDENTIFIER = "ntou.final-00857051";
				PRODUCT_NAME = "$(TARGET_NAME)";
				SWIFT_VERSION = 5.0;
				TARGETED_DEVICE_FAMILY = "1,2";
			};
			name = Debug;
		};
		557F8881295219E800F96307 /* Release */ = {
			isa = XCBuildConfiguration;
			buildSettings = {
				ASSETCATALOG_COMPILER_APPICON_NAME = AppIcon;
				ASSETCATALOG_COMPILER_GLOBAL_ACCENT_COLOR_NAME = AccentColor;
				CODE_SIGN_STYLE = Automatic;
				DEVELOPMENT_ASSET_PATHS = "\"final_00857051/Preview Content\"";
				ENABLE_PREVIEWS = YES;
				INFOPLIST_FILE = final_00857051/Info.plist;
				IPHONEOS_DEPLOYMENT_TARGET = 14.0;
				LD_RUNPATH_SEARCH_PATHS = (
					"$(inherited)",
					"@executable_path/Frameworks",
				);
				PRODUCT_BUNDLE_IDENTIFIER = "ntou.final-00857051";
				PRODUCT_NAME = "$(TARGET_NAME)";
				SWIFT_VERSION = 5.0;
				TARGETED_DEVICE_FAMILY = "1,2";
			};
			name = Release;
		};
/* End XCBuildConfiguration section */

/* Begin XCConfigurationList section */
		557F886B295219DF00F96307 /* Build configuration list for PBXProject "final_00857051" */ = {
			isa = XCConfigurationList;
			buildConfigurations = (
				557F887D295219E800F96307 /* Debug */,
				557F887E295219E800F96307 /* Release */,
			);
			defaultConfigurationIsVisible = 0;
			defaultConfigurationName = Release;
		};
		557F887F295219E800F96307 /* Build configuration list for PBXNativeTarget "final_00857051" */ = {
			isa = XCConfigurationList;
			buildConfigurations = (
				557F8880295219E800F96307 /* Debug */,
				557F8881295219E800F96307 /* Release */,
			);
			defaultConfigurationIsVisible = 0;
			defaultConfigurationName = Release;
		};
/* End XCConfigurationList section */

/* Begin XCRemoteSwiftPackageReference section */
		437E0D532952B9E00005BFCC /* XCRemoteSwiftPackageReference "Kingfisher" */ = {
			isa = XCRemoteSwiftPackageReference;
			repositoryURL = "https://github.com/onevcat/Kingfisher";
			requirement = {
				kind = upToNextMajorVersion;
				minimumVersion = 6.0.0;
			};
		};
		559EE9792965058F006591D6 /* XCRemoteSwiftPackageReference "swiftui-vertical-tab-view" */ = {
			isa = XCRemoteSwiftPackageReference;
			repositoryURL = "https://github.com/lorenzofiamingo/swiftui-vertical-tab-view.git";
			requirement = {
				kind = upToNextMinorVersion;
				minimumVersion = 2.0.0;
			};
		};
/* End XCRemoteSwiftPackageReference section */

/* Begin XCSwiftPackageProductDependency section */
		437E0D542952B9E00005BFCC /* Kingfisher */ = {
			isa = XCSwiftPackageProductDependency;
			package = 437E0D532952B9E00005BFCC /* XCRemoteSwiftPackageReference "Kingfisher" */;
			productName = Kingfisher;
		};
		559EE97A2965058F006591D6 /* VTabView */ = {
			isa = XCSwiftPackageProductDependency;
			package = 559EE9792965058F006591D6 /* XCRemoteSwiftPackageReference "swiftui-vertical-tab-view" */;
			productName = VTabView;
		};
/* End XCSwiftPackageProductDependency section */
	};
	rootObject = 557F8868295219DF00F96307 /* Project object */;
}
